// !$*UTF8*$!
{
	archiveVersion = 1;
	classes = {
	};
	objectVersion = 55;
	objects = {

/* Begin PBXBuildFile section */
		379DAB6E27FD95CF00DC2BDD /* Main.swift in Sources */ = {isa = PBXBuildFile; fileRef = 379DAB6D27FD95CF00DC2BDD /* Main.swift */; };
		7A15082127FDE7BC0053C092 /* Feed.swift in Sources */ = {isa = PBXBuildFile; fileRef = 7A15082027FDE7BC0053C092 /* Feed.swift */; };
		7A15082327FDE7CB0053C092 /* Feed2.swift in Sources */ = {isa = PBXBuildFile; fileRef = 7A15082227FDE7CB0053C092 /* Feed2.swift */; };
		7A15082527FDE8100053C092 /* Color.swift in Sources */ = {isa = PBXBuildFile; fileRef = 7A15082427FDE8100053C092 /* Color.swift */; };
		7A4284AF27FD82C600E9B88E /* buy_or_notApp.swift in Sources */ = {isa = PBXBuildFile; fileRef = 7A4284AE27FD82C600E9B88E /* buy_or_notApp.swift */; };
		7A4284B127FD82C600E9B88E /* ContentView.swift in Sources */ = {isa = PBXBuildFile; fileRef = 7A4284B027FD82C600E9B88E /* ContentView.swift */; };
		7A4284B327FD82C800E9B88E /* Assets.xcassets in Resources */ = {isa = PBXBuildFile; fileRef = 7A4284B227FD82C800E9B88E /* Assets.xcassets */; };
		7A4284B627FD82C800E9B88E /* Preview Assets.xcassets in Resources */ = {isa = PBXBuildFile; fileRef = 7A4284B527FD82C800E9B88E /* Preview Assets.xcassets */; };
		7A4284C927FD8D4B00E9B88E /* Title.swift in Sources */ = {isa = PBXBuildFile; fileRef = 7A4284C827FD8D4B00E9B88E /* Title.swift */; };
		7A4284CB27FD8D7600E9B88E /* Search.swift in Sources */ = {isa = PBXBuildFile; fileRef = 7A4284CA27FD8D7600E9B88E /* Search.swift */; };
		A3571EBC27FE8F8E00BCA838 /* LoginPage.swift in Sources */ = {isa = PBXBuildFile; fileRef = A3571EBB27FE8F8E00BCA838 /* LoginPage.swift */; };
		A3571EBE27FEA51C00BCA838 /* CheckBoxView.swift in Sources */ = {isa = PBXBuildFile; fileRef = A3571EBD27FEA51C00BCA838 /* CheckBoxView.swift */; };
		A3571EC027FEA55100BCA838 /* SecureInputView.swift in Sources */ = {isa = PBXBuildFile; fileRef = A3571EBF27FEA55100BCA838 /* SecureInputView.swift */; };
		A3571EC227FEA65C00BCA838 /* LoadingPage.swift in Sources */ = {isa = PBXBuildFile; fileRef = A3571EC127FEA65C00BCA838 /* LoadingPage.swift */; };
/* End PBXBuildFile section */

/* Begin PBXFileReference section */
		379DAB6D27FD95CF00DC2BDD /* Main.swift */ = {isa = PBXFileReference; lastKnownFileType = sourcecode.swift; path = Main.swift; sourceTree = "<group>"; };
		7A15082027FDE7BC0053C092 /* Feed.swift */ = {isa = PBXFileReference; lastKnownFileType = sourcecode.swift; path = Feed.swift; sourceTree = "<group>"; };
		7A15082227FDE7CB0053C092 /* Feed2.swift */ = {isa = PBXFileReference; lastKnownFileType = sourcecode.swift; path = Feed2.swift; sourceTree = "<group>"; };
		7A15082427FDE8100053C092 /* Color.swift */ = {isa = PBXFileReference; lastKnownFileType = sourcecode.swift; path = Color.swift; sourceTree = "<group>"; };
		7A4284AB27FD82C600E9B88E /* buy-or-not.app */ = {isa = PBXFileReference; explicitFileType = wrapper.application; includeInIndex = 0; path = "buy-or-not.app"; sourceTree = BUILT_PRODUCTS_DIR; };
		7A4284AE27FD82C600E9B88E /* buy_or_notApp.swift */ = {isa = PBXFileReference; lastKnownFileType = sourcecode.swift; path = buy_or_notApp.swift; sourceTree = "<group>"; };
		7A4284B027FD82C600E9B88E /* ContentView.swift */ = {isa = PBXFileReference; lastKnownFileType = sourcecode.swift; path = ContentView.swift; sourceTree = "<group>"; };
		7A4284B227FD82C800E9B88E /* Assets.xcassets */ = {isa = PBXFileReference; lastKnownFileType = folder.assetcatalog; path = Assets.xcassets; sourceTree = "<group>"; };
		7A4284B527FD82C800E9B88E /* Preview Assets.xcassets */ = {isa = PBXFileReference; lastKnownFileType = folder.assetcatalog; path = "Preview Assets.xcassets"; sourceTree = "<group>"; };
		7A4284C827FD8D4B00E9B88E /* Title.swift */ = {isa = PBXFileReference; lastKnownFileType = sourcecode.swift; path = Title.swift; sourceTree = "<group>"; };
		7A4284CA27FD8D7600E9B88E /* Search.swift */ = {isa = PBXFileReference; lastKnownFileType = sourcecode.swift; path = Search.swift; sourceTree = "<group>"; };
		A3571EBB27FE8F8E00BCA838 /* LoginPage.swift */ = {isa = PBXFileReference; lastKnownFileType = sourcecode.swift; path = LoginPage.swift; sourceTree = "<group>"; };
		A3571EBD27FEA51C00BCA838 /* CheckBoxView.swift */ = {isa = PBXFileReference; lastKnownFileType = sourcecode.swift; path = CheckBoxView.swift; sourceTree = "<group>"; };
		A3571EBF27FEA55100BCA838 /* SecureInputView.swift */ = {isa = PBXFileReference; lastKnownFileType = sourcecode.swift; path = SecureInputView.swift; sourceTree = "<group>"; };
		A3571EC127FEA65C00BCA838 /* LoadingPage.swift */ = {isa = PBXFileReference; lastKnownFileType = sourcecode.swift; path = LoadingPage.swift; sourceTree = "<group>"; };
/* End PBXFileReference section */

/* Begin PBXFrameworksBuildPhase section */
		7A4284A827FD82C600E9B88E /* Frameworks */ = {
			isa = PBXFrameworksBuildPhase;
			buildActionMask = 2147483647;
			files = (
			);
			runOnlyForDeploymentPostprocessing = 0;
		};
/* End PBXFrameworksBuildPhase section */

/* Begin PBXGroup section */
		7A15081F27FDE7A60053C092 /* Search */ = {
			isa = PBXGroup;
			children = (
				7A15082027FDE7BC0053C092 /* Feed.swift */,
				7A15082227FDE7CB0053C092 /* Feed2.swift */,
			);
			path = Search;
			sourceTree = "<group>";
		};
		7A4284A227FD82C600E9B88E = {
			isa = PBXGroup;
			children = (
				7A4284AD27FD82C600E9B88E /* buy-or-not */,
				7A4284AC27FD82C600E9B88E /* Products */,
			);
			sourceTree = "<group>";
		};
		7A4284AC27FD82C600E9B88E /* Products */ = {
			isa = PBXGroup;
			children = (
				7A4284AB27FD82C600E9B88E /* buy-or-not.app */,
			);
			name = Products;
			sourceTree = "<group>";
		};
		7A4284AD27FD82C600E9B88E /* buy-or-not */ = {
			isa = PBXGroup;
			children = (
				7A4284C727FD8CCB00E9B88E /* Controllers */,
				7A4284C627FD8CC600E9B88E /* Models */,
				7A4284C527FD8CBF00E9B88E /* Views */,
				7A4284AE27FD82C600E9B88E /* buy_or_notApp.swift */,
				7A4284B227FD82C800E9B88E /* Assets.xcassets */,
				7A4284B427FD82C800E9B88E /* Preview Content */,
			);
			path = "buy-or-not";
			sourceTree = "<group>";
		};
		7A4284B427FD82C800E9B88E /* Preview Content */ = {
			isa = PBXGroup;
			children = (
				7A4284B527FD82C800E9B88E /* Preview Assets.xcassets */,
			);
			path = "Preview Content";
			sourceTree = "<group>";
		};
		7A4284C527FD8CBF00E9B88E /* Views */ = {
			isa = PBXGroup;
			children = (
				7A4284AE27FD82C600E9B88E /* buy_or_notApp.swift */,
				7A4284CA27FD8D7600E9B88E /* Search.swift */,
				379DAB6D27FD95CF00DC2BDD /* Main.swift */,
				7A4284B027FD82C600E9B88E /* ContentView.swift */,
				A3571EC127FEA65C00BCA838 /* LoadingPage.swift */,
				A3571EBB27FE8F8E00BCA838 /* LoginPage.swift */,
				A3571EBF27FEA55100BCA838 /* SecureInputView.swift */,
				A3571EBD27FEA51C00BCA838 /* CheckBoxView.swift */,
			);
			path = Views;
			sourceTree = "<group>";
		};
		7A4284C627FD8CC600E9B88E /* Models */ = {
			isa = PBXGroup;
			children = (
				7A15081F27FDE7A60053C092 /* Search */,
				7A4284C827FD8D4B00E9B88E /* Title.swift */,
			);
			path = Models;
			sourceTree = "<group>";
		};
		7A4284C727FD8CCB00E9B88E /* Controllers */ = {
			isa = PBXGroup;
			children = (
				7A15082427FDE8100053C092 /* Color.swift */,
			);
			path = Controllers;
			sourceTree = "<group>";
		};
/* End PBXGroup section */

/* Begin PBXNativeTarget section */
		7A4284AA27FD82C600E9B88E /* buy-or-not */ = {
			isa = PBXNativeTarget;
			buildConfigurationList = 7A4284B927FD82C800E9B88E /* Build configuration list for PBXNativeTarget "buy-or-not" */;
			buildPhases = (
				7A4284A727FD82C600E9B88E /* Sources */,
				7A4284A827FD82C600E9B88E /* Frameworks */,
				7A4284A927FD82C600E9B88E /* Resources */,
			);
			buildRules = (
			);
			dependencies = (
			);
			name = "buy-or-not";
			productName = "buy-or-not";
			productReference = 7A4284AB27FD82C600E9B88E /* buy-or-not.app */;
			productType = "com.apple.product-type.application";
		};
/* End PBXNativeTarget section */

/* Begin PBXProject section */
		7A4284A327FD82C600E9B88E /* Project object */ = {
			isa = PBXProject;
			attributes = {
				BuildIndependentTargetsInParallel = 1;
				LastSwiftUpdateCheck = 1320;
				LastUpgradeCheck = 1320;
				TargetAttributes = {
					7A4284AA27FD82C600E9B88E = {
						CreatedOnToolsVersion = 13.2.1;
					};
				};
			};
			buildConfigurationList = 7A4284A627FD82C600E9B88E /* Build configuration list for PBXProject "buy-or-not" */;
			compatibilityVersion = "Xcode 13.0";
			developmentRegion = en;
			hasScannedForEncodings = 0;
			knownRegions = (
				en,
				Base,
			);
			mainGroup = 7A4284A227FD82C600E9B88E;
			productRefGroup = 7A4284AC27FD82C600E9B88E /* Products */;
			projectDirPath = "";
			projectRoot = "";
			targets = (
				7A4284AA27FD82C600E9B88E /* buy-or-not */,
			);
		};
/* End PBXProject section */

/* Begin PBXResourcesBuildPhase section */
		7A4284A927FD82C600E9B88E /* Resources */ = {
			isa = PBXResourcesBuildPhase;
			buildActionMask = 2147483647;
			files = (
				7A4284B627FD82C800E9B88E /* Preview Assets.xcassets in Resources */,
				7A4284B327FD82C800E9B88E /* Assets.xcassets in Resources */,
			);
			runOnlyForDeploymentPostprocessing = 0;
		};
/* End PBXResourcesBuildPhase section */

/* Begin PBXSourcesBuildPhase section */
		7A4284A727FD82C600E9B88E /* Sources */ = {
			isa = PBXSourcesBuildPhase;
			buildActionMask = 2147483647;
			files = (
				7A15082327FDE7CB0053C092 /* Feed2.swift in Sources */,
				379DAB6E27FD95CF00DC2BDD /* Main.swift in Sources */,
				7A15082127FDE7BC0053C092 /* Feed.swift in Sources */,
				7A4284B127FD82C600E9B88E /* ContentView.swift in Sources */,
				A3571EBE27FEA51C00BCA838 /* CheckBoxView.swift in Sources */,
				7A4284CB27FD8D7600E9B88E /* Search.swift in Sources */,
				7A15082527FDE8100053C092 /* Color.swift in Sources */,
				A3571EC027FEA55100BCA838 /* SecureInputView.swift in Sources */,
				7A4284C927FD8D4B00E9B88E /* Title.swift in Sources */,
				A3571EBC27FE8F8E00BCA838 /* LoginPage.swift in Sources */,
				7A4284AF27FD82C600E9B88E /* buy_or_notApp.swift in Sources */,
				A3571EC227FEA65C00BCA838 /* LoadingPage.swift in Sources */,
			);
			runOnlyForDeploymentPostprocessing = 0;
		};
/* End PBXSourcesBuildPhase section */

/* Begin XCBuildConfiguration section */
		7A4284B727FD82C800E9B88E /* Debug */ = {
			isa = XCBuildConfiguration;
			buildSettings = {
				ALWAYS_SEARCH_USER_PATHS = NO;
				CLANG_ANALYZER_NONNULL = YES;
				CLANG_ANALYZER_NUMBER_OBJECT_CONVERSION = YES_AGGRESSIVE;
				CLANG_CXX_LANGUAGE_STANDARD = "gnu++17";
				CLANG_CXX_LIBRARY = "libc++";
				CLANG_ENABLE_MODULES = YES;
				CLANG_ENABLE_OBJC_ARC = YES;
				CLANG_ENABLE_OBJC_WEAK = YES;
				CLANG_WARN_BLOCK_CAPTURE_AUTORELEASING = YES;
				CLANG_WARN_BOOL_CONVERSION = YES;
				CLANG_WARN_COMMA = YES;
				CLANG_WARN_CONSTANT_CONVERSION = YES;
				CLANG_WARN_DEPRECATED_OBJC_IMPLEMENTATIONS = YES;
				CLANG_WARN_DIRECT_OBJC_ISA_USAGE = YES_ERROR;
				CLANG_WARN_DOCUMENTATION_COMMENTS = YES;
				CLANG_WARN_EMPTY_BODY = YES;
				CLANG_WARN_ENUM_CONVERSION = YES;
				CLANG_WARN_INFINITE_RECURSION = YES;
				CLANG_WARN_INT_CONVERSION = YES;
				CLANG_WARN_NON_LITERAL_NULL_CONVERSION = YES;
				CLANG_WARN_OBJC_IMPLICIT_RETAIN_SELF = YES;
				CLANG_WARN_OBJC_LITERAL_CONVERSION = YES;
				CLANG_WARN_OBJC_ROOT_CLASS = YES_ERROR;
				CLANG_WARN_QUOTED_INCLUDE_IN_FRAMEWORK_HEADER = YES;
				CLANG_WARN_RANGE_LOOP_ANALYSIS = YES;
				CLANG_WARN_STRICT_PROTOTYPES = YES;
				CLANG_WARN_SUSPICIOUS_MOVE = YES;
				CLANG_WARN_UNGUARDED_AVAILABILITY = YES_AGGRESSIVE;
				CLANG_WARN_UNREACHABLE_CODE = YES;
				CLANG_WARN__DUPLICATE_METHOD_MATCH = YES;
				COPY_PHASE_STRIP = NO;
				DEBUG_INFORMATION_FORMAT = dwarf;
				ENABLE_STRICT_OBJC_MSGSEND = YES;
				ENABLE_TESTABILITY = YES;
				GCC_C_LANGUAGE_STANDARD = gnu11;
				GCC_DYNAMIC_NO_PIC = NO;
				GCC_NO_COMMON_BLOCKS = YES;
				GCC_OPTIMIZATION_LEVEL = 0;
				GCC_PREPROCESSOR_DEFINITIONS = (
					"DEBUG=1",
					"$(inherited)",
				);
				GCC_WARN_64_TO_32_BIT_CONVERSION = YES;
				GCC_WARN_ABOUT_RETURN_TYPE = YES_ERROR;
				GCC_WARN_UNDECLARED_SELECTOR = YES;
				GCC_WARN_UNINITIALIZED_AUTOS = YES_AGGRESSIVE;
				GCC_WARN_UNUSED_FUNCTION = YES;
				GCC_WARN_UNUSED_VARIABLE = YES;
				IPHONEOS_DEPLOYMENT_TARGET = 15.2;
				MTL_ENABLE_DEBUG_INFO = INCLUDE_SOURCE;
				MTL_FAST_MATH = YES;
				ONLY_ACTIVE_ARCH = YES;
				SDKROOT = iphoneos;
				SWIFT_ACTIVE_COMPILATION_CONDITIONS = DEBUG;
				SWIFT_OPTIMIZATION_LEVEL = "-Onone";
			};
			name = Debug;
		};
		7A4284B827FD82C800E9B88E /* Release */ = {
			isa = XCBuildConfiguration;
			buildSettings = {
				ALWAYS_SEARCH_USER_PATHS = NO;
				CLANG_ANALYZER_NONNULL = YES;
				CLANG_ANALYZER_NUMBER_OBJECT_CONVERSION = YES_AGGRESSIVE;
				CLANG_CXX_LANGUAGE_STANDARD = "gnu++17";
				CLANG_CXX_LIBRARY = "libc++";
				CLANG_ENABLE_MODULES = YES;
				CLANG_ENABLE_OBJC_ARC = YES;
				CLANG_ENABLE_OBJC_WEAK = YES;
				CLANG_WARN_BLOCK_CAPTURE_AUTORELEASING = YES;
				CLANG_WARN_BOOL_CONVERSION = YES;
				CLANG_WARN_COMMA = YES;
				CLANG_WARN_CONSTANT_CONVERSION = YES;
				CLANG_WARN_DEPRECATED_OBJC_IMPLEMENTATIONS = YES;
				CLANG_WARN_DIRECT_OBJC_ISA_USAGE = YES_ERROR;
				CLANG_WARN_DOCUMENTATION_COMMENTS = YES;
				CLANG_WARN_EMPTY_BODY = YES;
				CLANG_WARN_ENUM_CONVERSION = YES;
				CLANG_WARN_INFINITE_RECURSION = YES;
				CLANG_WARN_INT_CONVERSION = YES;
				CLANG_WARN_NON_LITERAL_NULL_CONVERSION = YES;
				CLANG_WARN_OBJC_IMPLICIT_RETAIN_SELF = YES;
				CLANG_WARN_OBJC_LITERAL_CONVERSION = YES;
				CLANG_WARN_OBJC_ROOT_CLASS = YES_ERROR;
				CLANG_WARN_QUOTED_INCLUDE_IN_FRAMEWORK_HEADER = YES;
				CLANG_WARN_RANGE_LOOP_ANALYSIS = YES;
				CLANG_WARN_STRICT_PROTOTYPES = YES;
				CLANG_WARN_SUSPICIOUS_MOVE = YES;
				CLANG_WARN_UNGUARDED_AVAILABILITY = YES_AGGRESSIVE;
				CLANG_WARN_UNREACHABLE_CODE = YES;
				CLANG_WARN__DUPLICATE_METHOD_MATCH = YES;
				COPY_PHASE_STRIP = NO;
				DEBUG_INFORMATION_FORMAT = "dwarf-with-dsym";
				ENABLE_NS_ASSERTIONS = NO;
				ENABLE_STRICT_OBJC_MSGSEND = YES;
				GCC_C_LANGUAGE_STANDARD = gnu11;
				GCC_NO_COMMON_BLOCKS = YES;
				GCC_WARN_64_TO_32_BIT_CONVERSION = YES;
				GCC_WARN_ABOUT_RETURN_TYPE = YES_ERROR;
				GCC_WARN_UNDECLARED_SELECTOR = YES;
				GCC_WARN_UNINITIALIZED_AUTOS = YES_AGGRESSIVE;
				GCC_WARN_UNUSED_FUNCTION = YES;
				GCC_WARN_UNUSED_VARIABLE = YES;
				IPHONEOS_DEPLOYMENT_TARGET = 15.2;
				MTL_ENABLE_DEBUG_INFO = NO;
				MTL_FAST_MATH = YES;
				SDKROOT = iphoneos;
				SWIFT_COMPILATION_MODE = wholemodule;
				SWIFT_OPTIMIZATION_LEVEL = "-O";
				VALIDATE_PRODUCT = YES;
			};
			name = Release;
		};
		7A4284BA27FD82C800E9B88E /* Debug */ = {
			isa = XCBuildConfiguration;
			buildSettings = {
				ASSETCATALOG_COMPILER_APPICON_NAME = AppIcon;
				ASSETCATALOG_COMPILER_GLOBAL_ACCENT_COLOR_NAME = AccentColor;
				CODE_SIGN_STYLE = Automatic;
				CURRENT_PROJECT_VERSION = 1;
				DEVELOPMENT_ASSET_PATHS = "\"buy-or-not/Preview Content\"";
				DEVELOPMENT_TEAM = DL9N9GFVMW;
				ENABLE_PREVIEWS = YES;
				GENERATE_INFOPLIST_FILE = YES;
				INFOPLIST_KEY_UIApplicationSceneManifest_Generation = YES;
				INFOPLIST_KEY_UIApplicationSupportsIndirectInputEvents = YES;
				INFOPLIST_KEY_UILaunchScreen_Generation = YES;
				INFOPLIST_KEY_UISupportedInterfaceOrientations_iPad = "UIInterfaceOrientationPortrait UIInterfaceOrientationPortraitUpsideDown UIInterfaceOrientationLandscapeLeft UIInterfaceOrientationLandscapeRight";
				INFOPLIST_KEY_UISupportedInterfaceOrientations_iPhone = "UIInterfaceOrientationPortrait UIInterfaceOrientationLandscapeLeft UIInterfaceOrientationLandscapeRight";
				LD_RUNPATH_SEARCH_PATHS = (
					"$(inherited)",
					"@executable_path/Frameworks",
				);
				MARKETING_VERSION = 1.0;
				PRODUCT_BUNDLE_IDENTIFIER = "com.phainestha1.buy-or-not";
				PRODUCT_NAME = "$(TARGET_NAME)";
				SWIFT_EMIT_LOC_STRINGS = YES;
				SWIFT_VERSION = 5.0;
				TARGETED_DEVICE_FAMILY = "1,2";
			};
			name = Debug;
		};
		7A4284BB27FD82C800E9B88E /* Release */ = {
			isa = XCBuildConfiguration;
			buildSettings = {
				ASSETCATALOG_COMPILER_APPICON_NAME = AppIcon;
				ASSETCATALOG_COMPILER_GLOBAL_ACCENT_COLOR_NAME = AccentColor;
				CODE_SIGN_STYLE = Automatic;
				CURRENT_PROJECT_VERSION = 1;
				DEVELOPMENT_ASSET_PATHS = "\"buy-or-not/Preview Content\"";
				DEVELOPMENT_TEAM = DL9N9GFVMW;
				ENABLE_PREVIEWS = YES;
				GENERATE_INFOPLIST_FILE = YES;
				INFOPLIST_KEY_UIApplicationSceneManifest_Generation = YES;
				INFOPLIST_KEY_UIApplicationSupportsIndirectInputEvents = YES;
				INFOPLIST_KEY_UILaunchScreen_Generation = YES;
				INFOPLIST_KEY_UISupportedInterfaceOrientations_iPad = "UIInterfaceOrientationPortrait UIInterfaceOrientationPortraitUpsideDown UIInterfaceOrientationLandscapeLeft UIInterfaceOrientationLandscapeRight";
				INFOPLIST_KEY_UISupportedInterfaceOrientations_iPhone = "UIInterfaceOrientationPortrait UIInterfaceOrientationLandscapeLeft UIInterfaceOrientationLandscapeRight";
				LD_RUNPATH_SEARCH_PATHS = (
					"$(inherited)",
					"@executable_path/Frameworks",
				);
				MARKETING_VERSION = 1.0;
				PRODUCT_BUNDLE_IDENTIFIER = "com.phainestha1.buy-or-not";
				PRODUCT_NAME = "$(TARGET_NAME)";
				SWIFT_EMIT_LOC_STRINGS = YES;
				SWIFT_VERSION = 5.0;
				TARGETED_DEVICE_FAMILY = "1,2";
			};
			name = Release;
		};
/* End XCBuildConfiguration section */

/* Begin XCConfigurationList section */
		7A4284A627FD82C600E9B88E /* Build configuration list for PBXProject "buy-or-not" */ = {
			isa = XCConfigurationList;
			buildConfigurations = (
				7A4284B727FD82C800E9B88E /* Debug */,
				7A4284B827FD82C800E9B88E /* Release */,
			);
			defaultConfigurationIsVisible = 0;
			defaultConfigurationName = Release;
		};
		7A4284B927FD82C800E9B88E /* Build configuration list for PBXNativeTarget "buy-or-not" */ = {
			isa = XCConfigurationList;
			buildConfigurations = (
				7A4284BA27FD82C800E9B88E /* Debug */,
				7A4284BB27FD82C800E9B88E /* Release */,
			);
			defaultConfigurationIsVisible = 0;
			defaultConfigurationName = Release;
		};
/* End XCConfigurationList section */
	};
	rootObject = 7A4284A327FD82C600E9B88E /* Project object */;
}
